
Microsoft Visual Studio Solution File, Format Version 12.00
# Visual Studio Version 17
VisualStudioVersion = 17.12.35521.163
MinimumVisualStudioVersion = 10.0.40219.1
Project("{2150E333-8FDC-42A3-9474-1A3956D46DE8}") = "Creational", "Creational", "{18CBB393-89BF-4DFB-97C3-7FF252444DBC}"
EndProject
Project("{2150E333-8FDC-42A3-9474-1A3956D46DE8}") = "Behavioral", "Behavioral", "{82DFFED8-35C0-4F6B-ACFC-FF3E677EE850}"
EndProject
Project("{2150E333-8FDC-42A3-9474-1A3956D46DE8}") = "Structural", "Structural", "{E7230078-3AA0-4EBE-9595-E8DF566E2F97}"
EndProject
Project("{2150E333-8FDC-42A3-9474-1A3956D46DE8}") = "Abstract Factory", "Abstract Factory", "{32A06B41-075A-448F-A7B9-9C8D11BA1259}"
EndProject
Project("{2150E333-8FDC-42A3-9474-1A3956D46DE8}") = "Singleton", "Singleton", "{44E0EE1A-BBF1-4DCF-8031-3768BDFEC68E}"
EndProject
Project("{2150E333-8FDC-42A3-9474-1A3956D46DE8}") = "Prototype", "Prototype", "{6078DE7E-3A28-485D-BF00-D3FCAAD34458}"
EndProject
Project("{2150E333-8FDC-42A3-9474-1A3956D46DE8}") = "Factory Method", "Factory Method", "{BD12FF6D-D07F-42B9-9D0A-DB704076BEC4}"
EndProject
Project("{2150E333-8FDC-42A3-9474-1A3956D46DE8}") = "Builder", "Builder", "{1D7A59B5-D406-4F24-B8D4-1B7D405A6F8D}"
EndProject
Project("{2150E333-8FDC-42A3-9474-1A3956D46DE8}") = "Proxy", "Proxy", "{D49E344D-F5DF-432E-BD16-73B684C2F841}"
EndProject
Project("{2150E333-8FDC-42A3-9474-1A3956D46DE8}") = "Flyweight", "Flyweight", "{331337D5-D9C8-44D7-B5CF-B7C9DF436360}"
EndProject
Project("{2150E333-8FDC-42A3-9474-1A3956D46DE8}") = "Adapter", "Adapter", "{6DDADF09-59F7-4C72-80B6-DBE1B5FA7C35}"
EndProject
Project("{2150E333-8FDC-42A3-9474-1A3956D46DE8}") = "Facade", "Facade", "{7D022FFC-8D7F-4686-8D9E-449BD93D77DC}"
EndProject
Project("{2150E333-8FDC-42A3-9474-1A3956D46DE8}") = "Bridge", "Bridge", "{6347D7FD-B482-4E73-8E7A-6BFBEC387BE8}"
EndProject
Project("{2150E333-8FDC-42A3-9474-1A3956D46DE8}") = "Decorator", "Decorator", "{2F89B9E5-369B-4D10-94D7-2F5A4268D1A1}"
EndProject
Project("{2150E333-8FDC-42A3-9474-1A3956D46DE8}") = "Composite", "Composite", "{39C94DB3-8448-4814-AC62-24C2D63CD7A8}"
EndProject
Project("{2150E333-8FDC-42A3-9474-1A3956D46DE8}") = "Visitor", "Visitor", "{62C185C6-DA03-49B5-8075-416005E1FDDE}"
EndProject
Project("{2150E333-8FDC-42A3-9474-1A3956D46DE8}") = "Template Method", "Template Method", "{B753D23B-0A5B-49AD-A801-5626EF3D0F4C}"
EndProject
Project("{2150E333-8FDC-42A3-9474-1A3956D46DE8}") = "Chain of Responsibility", "Chain of Responsibility", "{F320C07A-E65D-45CC-91D4-69F318654682}"
EndProject
Project("{2150E333-8FDC-42A3-9474-1A3956D46DE8}") = "Strategy", "Strategy", "{D60BBC85-CFC0-428A-BB20-EBD9978AE9BC}"
EndProject
Project("{2150E333-8FDC-42A3-9474-1A3956D46DE8}") = "Command", "Command", "{578D495E-8135-4052-B0D4-C7A1B9E6E445}"
EndProject
Project("{2150E333-8FDC-42A3-9474-1A3956D46DE8}") = "State", "State", "{4461DBB7-4209-45EF-80A3-EBC867F417E0}"
EndProject
Project("{2150E333-8FDC-42A3-9474-1A3956D46DE8}") = "Interpreter", "Interpreter", "{2DB6B682-F5BB-4AC1-A3A4-0AD7F2A919D8}"
EndProject
Project("{2150E333-8FDC-42A3-9474-1A3956D46DE8}") = "Observer", "Observer", "{16DB52EB-7CF8-414C-ABFC-E4C752655456}"
EndProject
Project("{2150E333-8FDC-42A3-9474-1A3956D46DE8}") = "Iterator", "Iterator", "{7EB2837E-7752-49BD-AAEC-30464B1BF48F}"
EndProject
Project("{2150E333-8FDC-42A3-9474-1A3956D46DE8}") = "Memento", "Memento", "{612B7038-51BF-440D-877A-5E7C088B984F}"
EndProject
Project("{2150E333-8FDC-42A3-9474-1A3956D46DE8}") = "Mediator", "Mediator", "{BC0CD826-4D8D-4EE8-8C4D-7A63F89F2629}"
EndProject
Project("{FAE04EC0-301F-11D3-BF4B-00C04F79EFBC}") = "PaymentGatewayIntegration", "Creational\Factory Method\PaymentGatewayIntegration\PaymentGatewayIntegration.csproj", "{79C674B3-8D08-46CB-936A-33EA3F00C482}"
EndProject
Project("{FAE04EC0-301F-11D3-BF4B-00C04F79EFBC}") = "LogisticsApplication", "Creational\Factory Method\LogisticsApplication\LogisticsApplication.csproj", "{A112F09A-8CDB-4BC3-8ED1-08C2306D8B15}"
EndProject
Project("{FAE04EC0-301F-11D3-BF4B-00C04F79EFBC}") = "PaymentGatewaysEcommerce", "Creational\Abstract Factory\PaymentGatewaysEcommerce\PaymentGatewaysEcommerce.csproj", "{94636DAF-6594-4B00-A007-8BA46F1EE1EF}"
EndProject
Project("{FAE04EC0-301F-11D3-BF4B-00C04F79EFBC}") = "MultimediaSoftware", "Creational\Abstract Factory\MultimediaSoftware\MultimediaSoftware.csproj", "{950C71EB-7C9D-4242-9810-EF4FE1BD1AAC}"
EndProject
Project("{FAE04EC0-301F-11D3-BF4B-00C04F79EFBC}") = "ComplexComputerSystem", "Creational\Builder\ComplexComputerSystem\ComplexComputerSystem.csproj", "{A13E467E-9564-4A72-B675-062721D41231}"
EndProject
Project("{FAE04EC0-301F-11D3-BF4B-00C04F79EFBC}") = "TravelAgency", "Creational\Builder\TravelAgency\TravelAgency.csproj", "{756BBEB6-ACB3-4B29-AA4C-5495B3F20B59}"
EndProject
Project("{FAE04EC0-301F-11D3-BF4B-00C04F79EFBC}") = "CarConfiguratorApplication", "Creational\Prototype\CarConfiguratorApplication\CarConfiguratorApplication.csproj", "{A1D1B685-5A52-4AA4-9839-F28636CABC15}"
EndProject
Project("{FAE04EC0-301F-11D3-BF4B-00C04F79EFBC}") = "HistoricalStatesUndoActions", "Creational\Prototype\HistoricalStatesUndoActions\HistoricalStatesUndoActions.csproj", "{6E2B647D-8C79-4E14-A200-544F0E9DEDC1}"
EndProject
Project("{FAE04EC0-301F-11D3-BF4B-00C04F79EFBC}") = "LoadBalancers", "Creational\Singleton\LoadBalancers\LoadBalancers.csproj", "{66B5EA43-C546-4AA5-91DB-B6B3A4A69DB2}"
EndProject
Project("{FAE04EC0-301F-11D3-BF4B-00C04F79EFBC}") = "TaskScheduler", "Creational\Singleton\TaskScheduler\TaskScheduler.csproj", "{5DFA4712-524D-4BBD-9927-2AF2DB3B2006}"
EndProject
Project("{FAE04EC0-301F-11D3-BF4B-00C04F79EFBC}") = "SocialMediaNotificationSystem", "Behavioral\Observer\SocialMediaNotificationSystem\SocialMediaNotificationSystem.csproj", "{DEE02F0B-290B-47D9-8808-55BDE7EB6CC7}"
EndProject
Project("{FAE04EC0-301F-11D3-BF4B-00C04F79EFBC}") = "StockMarketTrackingSystem", "Behavioral\Observer\StockMarketTrackingSystem\StockMarketTrackingSystem.csproj", "{E5B43E7D-CDAF-4B8C-9CD6-0D7D6CE5A9BF}"
EndProject
Project("{FAE04EC0-301F-11D3-BF4B-00C04F79EFBC}") = "OrderProcessingEcommerceSystem", "Behavioral\Chain of Responsibility\OrderProcessingEcommerceSystem\OrderProcessingEcommerceSystem.csproj", "{BEE60233-F250-4C43-A3E7-038B5055FFE6}"
EndProject
Project("{FAE04EC0-301F-11D3-BF4B-00C04F79EFBC}") = "LoggingSystem", "Behavioral\Chain of Responsibility\LoggingSystem\LoggingSystem.csproj", "{BB1F3C3B-B7EE-46D7-90C5-00B9ABFBAD58}"
EndProject
Project("{FAE04EC0-301F-11D3-BF4B-00C04F79EFBC}") = "ATM-Machine", "Behavioral\State\ATM-Machine\ATM-Machine.csproj", "{FC7515E4-1895-4C83-8F79-3A5111E86F2D}"
EndProject
Project("{FAE04EC0-301F-11D3-BF4B-00C04F79EFBC}") = "OrderProcessingSystem", "Behavioral\State\OrderProcessingSystem\OrderProcessingSystem.csproj", "{057001DA-8FD5-4076-8562-A41940D3B26E}"
EndProject
Project("{FAE04EC0-301F-11D3-BF4B-00C04F79EFBC}") = "DataSynchronizationBetweenSourceAndDestination", "Behavioral\Template Method\DataSynchronizationBetweenSourceAndDestination\DataSynchronizationBetweenSourceAndDestination.csproj", "{2E1C72D0-EC02-4B99-90BE-EFE0509E953B}"
EndProject
Project("{FAE04EC0-301F-11D3-BF4B-00C04F79EFBC}") = "CI-CD-PipelineExecution", "Behavioral\Template Method\CI-CD-PipelineExecution\CI-CD-PipelineExecution.csproj", "{A1A83B59-B372-401E-9953-E03A5381EDC5}"
EndProject
Project("{FAE04EC0-301F-11D3-BF4B-00C04F79EFBC}") = "BankingSystem", "Behavioral\Command\BankingSystem\BankingSystem.csproj", "{A8AE7128-1E19-4365-B8E7-8EADE1F93A36}"
EndProject
Project("{FAE04EC0-301F-11D3-BF4B-00C04F79EFBC}") = "SmartHomeSystem", "Behavioral\Command\SmartHomeSystem\SmartHomeSystem.csproj", "{8F23000F-B7B8-435F-8CF3-893DEA222173}"
EndProject
Project("{FAE04EC0-301F-11D3-BF4B-00C04F79EFBC}") = "ComputerSystemComponentHierarchy", "Behavioral\Visitor\ComputerSystemComponentHierarchy\ComputerSystemComponentHierarchy.csproj", "{7AB148BD-CEA2-4878-84A6-910B1363B192}"
EndProject
Project("{FAE04EC0-301F-11D3-BF4B-00C04F79EFBC}") = "PostAndPackageDeliverySystem", "Behavioral\Visitor\PostAndPackageDeliverySystem\PostAndPackageDeliverySystem.csproj", "{97AB2977-E130-4F1E-8D3F-35C681C587DE}"
EndProject
Project("{FAE04EC0-301F-11D3-BF4B-00C04F79EFBC}") = "PaymentMethods", "Behavioral\Strategy\PaymentMethods\PaymentMethods.csproj", "{F113ED0F-6F29-43ED-98CC-3E6257DC33D9}"
EndProject
Project("{FAE04EC0-301F-11D3-BF4B-00C04F79EFBC}") = "DiscountSystemsEcommerceApplication", "Behavioral\Strategy\DiscountSystemsEcommerceApplication\DiscountSystemsEcommerceApplication.csproj", "{8EC59718-262E-4F43-98BD-1FFF6A0CC25D}"
EndProject
Project("{FAE04EC0-301F-11D3-BF4B-00C04F79EFBC}") = "QueryLanguageFilteringCollectionOfProducts", "Behavioral\Interpreter\QueryLanguageFilteringCollectionOfProducts\QueryLanguageFilteringCollectionOfProducts.csproj", "{CD0006B4-69F8-4585-8E43-6A51D599E0F5}"
EndProject
Project("{FAE04EC0-301F-11D3-BF4B-00C04F79EFBC}") = "TextBasedRolePlayingGame", "Behavioral\Interpreter\TextBasedRolePlayingGame\TextBasedRolePlayingGame.csproj", "{7F856E45-FD44-4267-B7E8-3F80138389A2}"
EndProject
Project("{FAE04EC0-301F-11D3-BF4B-00C04F79EFBC}") = "UniversityCourseRegistrationSystem", "Behavioral\Iterator\UniversityCourseRegistrationSystem\UniversityCourseRegistrationSystem.csproj", "{36113FEB-3816-476F-BEC1-B8E190B9053C}"
EndProject
Project("{FAE04EC0-301F-11D3-BF4B-00C04F79EFBC}") = "SocialMediaFeed", "Behavioral\Iterator\SocialMediaFeed\SocialMediaFeed.csproj", "{5C1FB277-ACA4-4300-B842-755B9A574480}"
EndProject
Project("{FAE04EC0-301F-11D3-BF4B-00C04F79EFBC}") = "AirTrafficControl", "Behavioral\Mediator\AirTrafficControl\AirTrafficControl.csproj", "{E6BD9EDB-9B6A-4895-90E5-1697E6E1191F}"
EndProject
Project("{FAE04EC0-301F-11D3-BF4B-00C04F79EFBC}") = "StockExchange", "Behavioral\Mediator\StockExchange\StockExchange.csproj", "{F6E9CB96-750E-455C-8CDC-91EDCCF9FC39}"
EndProject
Project("{FAE04EC0-301F-11D3-BF4B-00C04F79EFBC}") = "ContentManagementSystem", "Behavioral\Memento\ContentManagementSystem\ContentManagementSystem.csproj", "{FE6A499A-8E20-4FD4-B567-28A325E4B532}"
EndProject
Project("{FAE04EC0-301F-11D3-BF4B-00C04F79EFBC}") = "GameSaveMechanism", "Behavioral\Memento\GameSaveMechanism\GameSaveMechanism.csproj", "{D034AF20-6A4E-42DB-99DD-D625ADC9A893}"
EndProject
Project("{FAE04EC0-301F-11D3-BF4B-00C04F79EFBC}") = "ForestSimulation", "Structural\Flyweight\ForestSimulation\ForestSimulation.csproj", "{3C078911-CD85-4B85-97CF-70B05AE8FBA0}"
EndProject
Project("{FAE04EC0-301F-11D3-BF4B-00C04F79EFBC}") = "VehicleLicensePlateManagementSystem", "Structural\Flyweight\VehicleLicensePlateManagementSystem\VehicleLicensePlateManagementSystem.csproj", "{F5418BC9-3F96-49F1-B111-D9129E817BF9}"
EndProject
Project("{FAE04EC0-301F-11D3-BF4B-00C04F79EFBC}") = "VirtualProxy", "Structural\Proxy\VirtualProxy\VirtualProxy.csproj", "{7C155720-6FA1-4E3E-9E5C-2E0C99937F2E}"
EndProject
Project("{FAE04EC0-301F-11D3-BF4B-00C04F79EFBC}") = "LoggingProxy", "Structural\Proxy\LoggingProxy\LoggingProxy.csproj", "{175D3788-E6FF-4E7E-BF16-FAAC5485AEEA}"
EndProject
Project("{FAE04EC0-301F-11D3-BF4B-00C04F79EFBC}") = "FileFolderStructure", "Structural\Composite\FileFolderStructure\FileFolderStructure.csproj", "{0C3E1A0C-DEF9-470F-8D33-41F665BE1B8D}"
EndProject
Project("{FAE04EC0-301F-11D3-BF4B-00C04F79EFBC}") = "LanguageTranslator", "Structural\Adapter\LanguageTranslator\LanguageTranslator.csproj", "{7757C455-6FD7-4C9D-BF80-DE3189EAF47F}"
EndProject
Project("{FAE04EC0-301F-11D3-BF4B-00C04F79EFBC}") = "CustomerRegistrationApplication", "Structural\Facade\CustomerRegistrationApplication\CustomerRegistrationApplication.csproj", "{1EDFBB64-FE2E-4782-868A-915BE696982E}"
EndProject
Project("{FAE04EC0-301F-11D3-BF4B-00C04F79EFBC}") = "PizzaSystem", "Structural\Decorator\PizzaSystem\PizzaSystem.csproj", "{E0179731-F478-4A20-B884-DE6060A2F583}"
EndProject
Project("{FAE04EC0-301F-11D3-BF4B-00C04F79EFBC}") = "SendMessage", "Structural\Bridge\SendMessage\SendMessage.csproj", "{080A83F0-279D-45E9-8BAF-92E2E6C61995}"
EndProject
Project("{FAE04EC0-301F-11D3-BF4B-00C04F79EFBC}") = "ChatRoom", "Behavioral\Mediator\ChatRoom\ChatRoom.csproj", "{55EF1169-4C4A-4263-B106-15E423B08EA5}"
EndProject
Global
	GlobalSection(SolutionConfigurationPlatforms) = preSolution
		Debug|Any CPU = Debug|Any CPU
		Release|Any CPU = Release|Any CPU
	EndGlobalSection
	GlobalSection(ProjectConfigurationPlatforms) = postSolution
		{79C674B3-8D08-46CB-936A-33EA3F00C482}.Debug|Any CPU.ActiveCfg = Debug|Any CPU
		{79C674B3-8D08-46CB-936A-33EA3F00C482}.Debug|Any CPU.Build.0 = Debug|Any CPU
		{79C674B3-8D08-46CB-936A-33EA3F00C482}.Release|Any CPU.ActiveCfg = Release|Any CPU
		{79C674B3-8D08-46CB-936A-33EA3F00C482}.Release|Any CPU.Build.0 = Release|Any CPU
		{A112F09A-8CDB-4BC3-8ED1-08C2306D8B15}.Debug|Any CPU.ActiveCfg = Debug|Any CPU
		{A112F09A-8CDB-4BC3-8ED1-08C2306D8B15}.Debug|Any CPU.Build.0 = Debug|Any CPU
		{A112F09A-8CDB-4BC3-8ED1-08C2306D8B15}.Release|Any CPU.ActiveCfg = Release|Any CPU
		{A112F09A-8CDB-4BC3-8ED1-08C2306D8B15}.Release|Any CPU.Build.0 = Release|Any CPU
		{94636DAF-6594-4B00-A007-8BA46F1EE1EF}.Debug|Any CPU.ActiveCfg = Debug|Any CPU
		{94636DAF-6594-4B00-A007-8BA46F1EE1EF}.Debug|Any CPU.Build.0 = Debug|Any CPU
		{94636DAF-6594-4B00-A007-8BA46F1EE1EF}.Release|Any CPU.ActiveCfg = Release|Any CPU
		{94636DAF-6594-4B00-A007-8BA46F1EE1EF}.Release|Any CPU.Build.0 = Release|Any CPU
		{950C71EB-7C9D-4242-9810-EF4FE1BD1AAC}.Debug|Any CPU.ActiveCfg = Debug|Any CPU
		{950C71EB-7C9D-4242-9810-EF4FE1BD1AAC}.Debug|Any CPU.Build.0 = Debug|Any CPU
		{950C71EB-7C9D-4242-9810-EF4FE1BD1AAC}.Release|Any CPU.ActiveCfg = Release|Any CPU
		{950C71EB-7C9D-4242-9810-EF4FE1BD1AAC}.Release|Any CPU.Build.0 = Release|Any CPU
		{A13E467E-9564-4A72-B675-062721D41231}.Debug|Any CPU.ActiveCfg = Debug|Any CPU
		{A13E467E-9564-4A72-B675-062721D41231}.Debug|Any CPU.Build.0 = Debug|Any CPU
		{A13E467E-9564-4A72-B675-062721D41231}.Release|Any CPU.ActiveCfg = Release|Any CPU
		{A13E467E-9564-4A72-B675-062721D41231}.Release|Any CPU.Build.0 = Release|Any CPU
		{756BBEB6-ACB3-4B29-AA4C-5495B3F20B59}.Debug|Any CPU.ActiveCfg = Debug|Any CPU
		{756BBEB6-ACB3-4B29-AA4C-5495B3F20B59}.Debug|Any CPU.Build.0 = Debug|Any CPU
		{756BBEB6-ACB3-4B29-AA4C-5495B3F20B59}.Release|Any CPU.ActiveCfg = Release|Any CPU
		{756BBEB6-ACB3-4B29-AA4C-5495B3F20B59}.Release|Any CPU.Build.0 = Release|Any CPU
		{A1D1B685-5A52-4AA4-9839-F28636CABC15}.Debug|Any CPU.ActiveCfg = Debug|Any CPU
		{A1D1B685-5A52-4AA4-9839-F28636CABC15}.Debug|Any CPU.Build.0 = Debug|Any CPU
		{A1D1B685-5A52-4AA4-9839-F28636CABC15}.Release|Any CPU.ActiveCfg = Release|Any CPU
		{A1D1B685-5A52-4AA4-9839-F28636CABC15}.Release|Any CPU.Build.0 = Release|Any CPU
		{6E2B647D-8C79-4E14-A200-544F0E9DEDC1}.Debug|Any CPU.ActiveCfg = Debug|Any CPU
		{6E2B647D-8C79-4E14-A200-544F0E9DEDC1}.Debug|Any CPU.Build.0 = Debug|Any CPU
		{6E2B647D-8C79-4E14-A200-544F0E9DEDC1}.Release|Any CPU.ActiveCfg = Release|Any CPU
		{6E2B647D-8C79-4E14-A200-544F0E9DEDC1}.Release|Any CPU.Build.0 = Release|Any CPU
		{66B5EA43-C546-4AA5-91DB-B6B3A4A69DB2}.Debug|Any CPU.ActiveCfg = Debug|Any CPU
		{66B5EA43-C546-4AA5-91DB-B6B3A4A69DB2}.Debug|Any CPU.Build.0 = Debug|Any CPU
		{66B5EA43-C546-4AA5-91DB-B6B3A4A69DB2}.Release|Any CPU.ActiveCfg = Release|Any CPU
		{66B5EA43-C546-4AA5-91DB-B6B3A4A69DB2}.Release|Any CPU.Build.0 = Release|Any CPU
		{5DFA4712-524D-4BBD-9927-2AF2DB3B2006}.Debug|Any CPU.ActiveCfg = Debug|Any CPU
		{5DFA4712-524D-4BBD-9927-2AF2DB3B2006}.Debug|Any CPU.Build.0 = Debug|Any CPU
		{5DFA4712-524D-4BBD-9927-2AF2DB3B2006}.Release|Any CPU.ActiveCfg = Release|Any CPU
		{5DFA4712-524D-4BBD-9927-2AF2DB3B2006}.Release|Any CPU.Build.0 = Release|Any CPU
		{DEE02F0B-290B-47D9-8808-55BDE7EB6CC7}.Debug|Any CPU.ActiveCfg = Debug|Any CPU
		{DEE02F0B-290B-47D9-8808-55BDE7EB6CC7}.Debug|Any CPU.Build.0 = Debug|Any CPU
		{DEE02F0B-290B-47D9-8808-55BDE7EB6CC7}.Release|Any CPU.ActiveCfg = Release|Any CPU
		{DEE02F0B-290B-47D9-8808-55BDE7EB6CC7}.Release|Any CPU.Build.0 = Release|Any CPU
		{E5B43E7D-CDAF-4B8C-9CD6-0D7D6CE5A9BF}.Debug|Any CPU.ActiveCfg = Debug|Any CPU
		{E5B43E7D-CDAF-4B8C-9CD6-0D7D6CE5A9BF}.Debug|Any CPU.Build.0 = Debug|Any CPU
		{E5B43E7D-CDAF-4B8C-9CD6-0D7D6CE5A9BF}.Release|Any CPU.ActiveCfg = Release|Any CPU
		{E5B43E7D-CDAF-4B8C-9CD6-0D7D6CE5A9BF}.Release|Any CPU.Build.0 = Release|Any CPU
		{BEE60233-F250-4C43-A3E7-038B5055FFE6}.Debug|Any CPU.ActiveCfg = Debug|Any CPU
		{BEE60233-F250-4C43-A3E7-038B5055FFE6}.Debug|Any CPU.Build.0 = Debug|Any CPU
		{BEE60233-F250-4C43-A3E7-038B5055FFE6}.Release|Any CPU.ActiveCfg = Release|Any CPU
		{BEE60233-F250-4C43-A3E7-038B5055FFE6}.Release|Any CPU.Build.0 = Release|Any CPU
		{BB1F3C3B-B7EE-46D7-90C5-00B9ABFBAD58}.Debug|Any CPU.ActiveCfg = Debug|Any CPU
		{BB1F3C3B-B7EE-46D7-90C5-00B9ABFBAD58}.Debug|Any CPU.Build.0 = Debug|Any CPU
		{BB1F3C3B-B7EE-46D7-90C5-00B9ABFBAD58}.Release|Any CPU.ActiveCfg = Release|Any CPU
		{BB1F3C3B-B7EE-46D7-90C5-00B9ABFBAD58}.Release|Any CPU.Build.0 = Release|Any CPU
		{FC7515E4-1895-4C83-8F79-3A5111E86F2D}.Debug|Any CPU.ActiveCfg = Debug|Any CPU
		{FC7515E4-1895-4C83-8F79-3A5111E86F2D}.Debug|Any CPU.Build.0 = Debug|Any CPU
		{FC7515E4-1895-4C83-8F79-3A5111E86F2D}.Release|Any CPU.ActiveCfg = Release|Any CPU
		{FC7515E4-1895-4C83-8F79-3A5111E86F2D}.Release|Any CPU.Build.0 = Release|Any CPU
		{057001DA-8FD5-4076-8562-A41940D3B26E}.Debug|Any CPU.ActiveCfg = Debug|Any CPU
		{057001DA-8FD5-4076-8562-A41940D3B26E}.Debug|Any CPU.Build.0 = Debug|Any CPU
		{057001DA-8FD5-4076-8562-A41940D3B26E}.Release|Any CPU.ActiveCfg = Release|Any CPU
		{057001DA-8FD5-4076-8562-A41940D3B26E}.Release|Any CPU.Build.0 = Release|Any CPU
		{2E1C72D0-EC02-4B99-90BE-EFE0509E953B}.Debug|Any CPU.ActiveCfg = Debug|Any CPU
		{2E1C72D0-EC02-4B99-90BE-EFE0509E953B}.Debug|Any CPU.Build.0 = Debug|Any CPU
		{2E1C72D0-EC02-4B99-90BE-EFE0509E953B}.Release|Any CPU.ActiveCfg = Release|Any CPU
		{2E1C72D0-EC02-4B99-90BE-EFE0509E953B}.Release|Any CPU.Build.0 = Release|Any CPU
		{A1A83B59-B372-401E-9953-E03A5381EDC5}.Debug|Any CPU.ActiveCfg = Debug|Any CPU
		{A1A83B59-B372-401E-9953-E03A5381EDC5}.Debug|Any CPU.Build.0 = Debug|Any CPU
		{A1A83B59-B372-401E-9953-E03A5381EDC5}.Release|Any CPU.ActiveCfg = Release|Any CPU
		{A1A83B59-B372-401E-9953-E03A5381EDC5}.Release|Any CPU.Build.0 = Release|Any CPU
		{A8AE7128-1E19-4365-B8E7-8EADE1F93A36}.Debug|Any CPU.ActiveCfg = Debug|Any CPU
		{A8AE7128-1E19-4365-B8E7-8EADE1F93A36}.Debug|Any CPU.Build.0 = Debug|Any CPU
		{A8AE7128-1E19-4365-B8E7-8EADE1F93A36}.Release|Any CPU.ActiveCfg = Release|Any CPU
		{A8AE7128-1E19-4365-B8E7-8EADE1F93A36}.Release|Any CPU.Build.0 = Release|Any CPU
		{8F23000F-B7B8-435F-8CF3-893DEA222173}.Debug|Any CPU.ActiveCfg = Debug|Any CPU
		{8F23000F-B7B8-435F-8CF3-893DEA222173}.Debug|Any CPU.Build.0 = Debug|Any CPU
		{8F23000F-B7B8-435F-8CF3-893DEA222173}.Release|Any CPU.ActiveCfg = Release|Any CPU
		{8F23000F-B7B8-435F-8CF3-893DEA222173}.Release|Any CPU.Build.0 = Release|Any CPU
		{7AB148BD-CEA2-4878-84A6-910B1363B192}.Debug|Any CPU.ActiveCfg = Debug|Any CPU
		{7AB148BD-CEA2-4878-84A6-910B1363B192}.Debug|Any CPU.Build.0 = Debug|Any CPU
		{7AB148BD-CEA2-4878-84A6-910B1363B192}.Release|Any CPU.ActiveCfg = Release|Any CPU
		{7AB148BD-CEA2-4878-84A6-910B1363B192}.Release|Any CPU.Build.0 = Release|Any CPU
		{97AB2977-E130-4F1E-8D3F-35C681C587DE}.Debug|Any CPU.ActiveCfg = Debug|Any CPU
		{97AB2977-E130-4F1E-8D3F-35C681C587DE}.Debug|Any CPU.Build.0 = Debug|Any CPU
		{97AB2977-E130-4F1E-8D3F-35C681C587DE}.Release|Any CPU.ActiveCfg = Release|Any CPU
		{97AB2977-E130-4F1E-8D3F-35C681C587DE}.Release|Any CPU.Build.0 = Release|Any CPU
		{F113ED0F-6F29-43ED-98CC-3E6257DC33D9}.Debug|Any CPU.ActiveCfg = Debug|Any CPU
		{F113ED0F-6F29-43ED-98CC-3E6257DC33D9}.Debug|Any CPU.Build.0 = Debug|Any CPU
		{F113ED0F-6F29-43ED-98CC-3E6257DC33D9}.Release|Any CPU.ActiveCfg = Release|Any CPU
		{F113ED0F-6F29-43ED-98CC-3E6257DC33D9}.Release|Any CPU.Build.0 = Release|Any CPU
		{8EC59718-262E-4F43-98BD-1FFF6A0CC25D}.Debug|Any CPU.ActiveCfg = Debug|Any CPU
		{8EC59718-262E-4F43-98BD-1FFF6A0CC25D}.Debug|Any CPU.Build.0 = Debug|Any CPU
		{8EC59718-262E-4F43-98BD-1FFF6A0CC25D}.Release|Any CPU.ActiveCfg = Release|Any CPU
		{8EC59718-262E-4F43-98BD-1FFF6A0CC25D}.Release|Any CPU.Build.0 = Release|Any CPU
		{CD0006B4-69F8-4585-8E43-6A51D599E0F5}.Debug|Any CPU.ActiveCfg = Debug|Any CPU
		{CD0006B4-69F8-4585-8E43-6A51D599E0F5}.Debug|Any CPU.Build.0 = Debug|Any CPU
		{CD0006B4-69F8-4585-8E43-6A51D599E0F5}.Release|Any CPU.ActiveCfg = Release|Any CPU
		{CD0006B4-69F8-4585-8E43-6A51D599E0F5}.Release|Any CPU.Build.0 = Release|Any CPU
		{7F856E45-FD44-4267-B7E8-3F80138389A2}.Debug|Any CPU.ActiveCfg = Debug|Any CPU
		{7F856E45-FD44-4267-B7E8-3F80138389A2}.Debug|Any CPU.Build.0 = Debug|Any CPU
		{7F856E45-FD44-4267-B7E8-3F80138389A2}.Release|Any CPU.ActiveCfg = Release|Any CPU
		{7F856E45-FD44-4267-B7E8-3F80138389A2}.Release|Any CPU.Build.0 = Release|Any CPU
		{36113FEB-3816-476F-BEC1-B8E190B9053C}.Debug|Any CPU.ActiveCfg = Debug|Any CPU
		{36113FEB-3816-476F-BEC1-B8E190B9053C}.Debug|Any CPU.Build.0 = Debug|Any CPU
		{36113FEB-3816-476F-BEC1-B8E190B9053C}.Release|Any CPU.ActiveCfg = Release|Any CPU
		{36113FEB-3816-476F-BEC1-B8E190B9053C}.Release|Any CPU.Build.0 = Release|Any CPU
		{5C1FB277-ACA4-4300-B842-755B9A574480}.Debug|Any CPU.ActiveCfg = Debug|Any CPU
		{5C1FB277-ACA4-4300-B842-755B9A574480}.Debug|Any CPU.Build.0 = Debug|Any CPU
		{5C1FB277-ACA4-4300-B842-755B9A574480}.Release|Any CPU.ActiveCfg = Release|Any CPU
		{5C1FB277-ACA4-4300-B842-755B9A574480}.Release|Any CPU.Build.0 = Release|Any CPU
		{E6BD9EDB-9B6A-4895-90E5-1697E6E1191F}.Debug|Any CPU.ActiveCfg = Debug|Any CPU
		{E6BD9EDB-9B6A-4895-90E5-1697E6E1191F}.Debug|Any CPU.Build.0 = Debug|Any CPU
		{E6BD9EDB-9B6A-4895-90E5-1697E6E1191F}.Release|Any CPU.ActiveCfg = Release|Any CPU
		{E6BD9EDB-9B6A-4895-90E5-1697E6E1191F}.Release|Any CPU.Build.0 = Release|Any CPU
		{F6E9CB96-750E-455C-8CDC-91EDCCF9FC39}.Debug|Any CPU.ActiveCfg = Debug|Any CPU
		{F6E9CB96-750E-455C-8CDC-91EDCCF9FC39}.Debug|Any CPU.Build.0 = Debug|Any CPU
		{F6E9CB96-750E-455C-8CDC-91EDCCF9FC39}.Release|Any CPU.ActiveCfg = Release|Any CPU
		{F6E9CB96-750E-455C-8CDC-91EDCCF9FC39}.Release|Any CPU.Build.0 = Release|Any CPU
		{FE6A499A-8E20-4FD4-B567-28A325E4B532}.Debug|Any CPU.ActiveCfg = Debug|Any CPU
		{FE6A499A-8E20-4FD4-B567-28A325E4B532}.Debug|Any CPU.Build.0 = Debug|Any CPU
		{FE6A499A-8E20-4FD4-B567-28A325E4B532}.Release|Any CPU.ActiveCfg = Release|Any CPU
		{FE6A499A-8E20-4FD4-B567-28A325E4B532}.Release|Any CPU.Build.0 = Release|Any CPU
		{D034AF20-6A4E-42DB-99DD-D625ADC9A893}.Debug|Any CPU.ActiveCfg = Debug|Any CPU
		{D034AF20-6A4E-42DB-99DD-D625ADC9A893}.Debug|Any CPU.Build.0 = Debug|Any CPU
		{D034AF20-6A4E-42DB-99DD-D625ADC9A893}.Release|Any CPU.ActiveCfg = Release|Any CPU
		{D034AF20-6A4E-42DB-99DD-D625ADC9A893}.Release|Any CPU.Build.0 = Release|Any CPU
		{3C078911-CD85-4B85-97CF-70B05AE8FBA0}.Debug|Any CPU.ActiveCfg = Debug|Any CPU
		{3C078911-CD85-4B85-97CF-70B05AE8FBA0}.Debug|Any CPU.Build.0 = Debug|Any CPU
		{3C078911-CD85-4B85-97CF-70B05AE8FBA0}.Release|Any CPU.ActiveCfg = Release|Any CPU
		{3C078911-CD85-4B85-97CF-70B05AE8FBA0}.Release|Any CPU.Build.0 = Release|Any CPU
		{F5418BC9-3F96-49F1-B111-D9129E817BF9}.Debug|Any CPU.ActiveCfg = Debug|Any CPU
		{F5418BC9-3F96-49F1-B111-D9129E817BF9}.Debug|Any CPU.Build.0 = Debug|Any CPU
		{F5418BC9-3F96-49F1-B111-D9129E817BF9}.Release|Any CPU.ActiveCfg = Release|Any CPU
		{F5418BC9-3F96-49F1-B111-D9129E817BF9}.Release|Any CPU.Build.0 = Release|Any CPU
		{7C155720-6FA1-4E3E-9E5C-2E0C99937F2E}.Debug|Any CPU.ActiveCfg = Debug|Any CPU
		{7C155720-6FA1-4E3E-9E5C-2E0C99937F2E}.Debug|Any CPU.Build.0 = Debug|Any CPU
		{7C155720-6FA1-4E3E-9E5C-2E0C99937F2E}.Release|Any CPU.ActiveCfg = Release|Any CPU
		{7C155720-6FA1-4E3E-9E5C-2E0C99937F2E}.Release|Any CPU.Build.0 = Release|Any CPU
		{175D3788-E6FF-4E7E-BF16-FAAC5485AEEA}.Debug|Any CPU.ActiveCfg = Debug|Any CPU
		{175D3788-E6FF-4E7E-BF16-FAAC5485AEEA}.Debug|Any CPU.Build.0 = Debug|Any CPU
		{175D3788-E6FF-4E7E-BF16-FAAC5485AEEA}.Release|Any CPU.ActiveCfg = Release|Any CPU
		{175D3788-E6FF-4E7E-BF16-FAAC5485AEEA}.Release|Any CPU.Build.0 = Release|Any CPU
		{0C3E1A0C-DEF9-470F-8D33-41F665BE1B8D}.Debug|Any CPU.ActiveCfg = Debug|Any CPU
		{0C3E1A0C-DEF9-470F-8D33-41F665BE1B8D}.Debug|Any CPU.Build.0 = Debug|Any CPU
		{0C3E1A0C-DEF9-470F-8D33-41F665BE1B8D}.Release|Any CPU.ActiveCfg = Release|Any CPU
		{0C3E1A0C-DEF9-470F-8D33-41F665BE1B8D}.Release|Any CPU.Build.0 = Release|Any CPU
		{7757C455-6FD7-4C9D-BF80-DE3189EAF47F}.Debug|Any CPU.ActiveCfg = Debug|Any CPU
		{7757C455-6FD7-4C9D-BF80-DE3189EAF47F}.Debug|Any CPU.Build.0 = Debug|Any CPU
		{7757C455-6FD7-4C9D-BF80-DE3189EAF47F}.Release|Any CPU.ActiveCfg = Release|Any CPU
		{7757C455-6FD7-4C9D-BF80-DE3189EAF47F}.Release|Any CPU.Build.0 = Release|Any CPU
		{1EDFBB64-FE2E-4782-868A-915BE696982E}.Debug|Any CPU.ActiveCfg = Debug|Any CPU
		{1EDFBB64-FE2E-4782-868A-915BE696982E}.Debug|Any CPU.Build.0 = Debug|Any CPU
		{1EDFBB64-FE2E-4782-868A-915BE696982E}.Release|Any CPU.ActiveCfg = Release|Any CPU
		{1EDFBB64-FE2E-4782-868A-915BE696982E}.Release|Any CPU.Build.0 = Release|Any CPU
		{E0179731-F478-4A20-B884-DE6060A2F583}.Debug|Any CPU.ActiveCfg = Debug|Any CPU
		{E0179731-F478-4A20-B884-DE6060A2F583}.Debug|Any CPU.Build.0 = Debug|Any CPU
		{E0179731-F478-4A20-B884-DE6060A2F583}.Release|Any CPU.ActiveCfg = Release|Any CPU
		{E0179731-F478-4A20-B884-DE6060A2F583}.Release|Any CPU.Build.0 = Release|Any CPU
		{080A83F0-279D-45E9-8BAF-92E2E6C61995}.Debug|Any CPU.ActiveCfg = Debug|Any CPU
		{080A83F0-279D-45E9-8BAF-92E2E6C61995}.Debug|Any CPU.Build.0 = Debug|Any CPU
		{080A83F0-279D-45E9-8BAF-92E2E6C61995}.Release|Any CPU.ActiveCfg = Release|Any CPU
		{080A83F0-279D-45E9-8BAF-92E2E6C61995}.Release|Any CPU.Build.0 = Release|Any CPU
		{55EF1169-4C4A-4263-B106-15E423B08EA5}.Debug|Any CPU.ActiveCfg = Debug|Any CPU
		{55EF1169-4C4A-4263-B106-15E423B08EA5}.Debug|Any CPU.Build.0 = Debug|Any CPU
		{55EF1169-4C4A-4263-B106-15E423B08EA5}.Release|Any CPU.ActiveCfg = Release|Any CPU
		{55EF1169-4C4A-4263-B106-15E423B08EA5}.Release|Any CPU.Build.0 = Release|Any CPU
	EndGlobalSection
	GlobalSection(SolutionProperties) = preSolution
		HideSolutionNode = FALSE
	EndGlobalSection
	GlobalSection(NestedProjects) = preSolution
		{32A06B41-075A-448F-A7B9-9C8D11BA1259} = {18CBB393-89BF-4DFB-97C3-7FF252444DBC}
		{44E0EE1A-BBF1-4DCF-8031-3768BDFEC68E} = {18CBB393-89BF-4DFB-97C3-7FF252444DBC}
		{6078DE7E-3A28-485D-BF00-D3FCAAD34458} = {18CBB393-89BF-4DFB-97C3-7FF252444DBC}
		{BD12FF6D-D07F-42B9-9D0A-DB704076BEC4} = {18CBB393-89BF-4DFB-97C3-7FF252444DBC}
		{1D7A59B5-D406-4F24-B8D4-1B7D405A6F8D} = {18CBB393-89BF-4DFB-97C3-7FF252444DBC}
		{D49E344D-F5DF-432E-BD16-73B684C2F841} = {E7230078-3AA0-4EBE-9595-E8DF566E2F97}
		{331337D5-D9C8-44D7-B5CF-B7C9DF436360} = {E7230078-3AA0-4EBE-9595-E8DF566E2F97}
		{6DDADF09-59F7-4C72-80B6-DBE1B5FA7C35} = {E7230078-3AA0-4EBE-9595-E8DF566E2F97}
		{7D022FFC-8D7F-4686-8D9E-449BD93D77DC} = {E7230078-3AA0-4EBE-9595-E8DF566E2F97}
		{6347D7FD-B482-4E73-8E7A-6BFBEC387BE8} = {E7230078-3AA0-4EBE-9595-E8DF566E2F97}
		{2F89B9E5-369B-4D10-94D7-2F5A4268D1A1} = {E7230078-3AA0-4EBE-9595-E8DF566E2F97}
		{39C94DB3-8448-4814-AC62-24C2D63CD7A8} = {E7230078-3AA0-4EBE-9595-E8DF566E2F97}
		{62C185C6-DA03-49B5-8075-416005E1FDDE} = {82DFFED8-35C0-4F6B-ACFC-FF3E677EE850}
		{B753D23B-0A5B-49AD-A801-5626EF3D0F4C} = {82DFFED8-35C0-4F6B-ACFC-FF3E677EE850}
		{F320C07A-E65D-45CC-91D4-69F318654682} = {82DFFED8-35C0-4F6B-ACFC-FF3E677EE850}
		{D60BBC85-CFC0-428A-BB20-EBD9978AE9BC} = {82DFFED8-35C0-4F6B-ACFC-FF3E677EE850}
		{578D495E-8135-4052-B0D4-C7A1B9E6E445} = {82DFFED8-35C0-4F6B-ACFC-FF3E677EE850}
		{4461DBB7-4209-45EF-80A3-EBC867F417E0} = {82DFFED8-35C0-4F6B-ACFC-FF3E677EE850}
		{2DB6B682-F5BB-4AC1-A3A4-0AD7F2A919D8} = {82DFFED8-35C0-4F6B-ACFC-FF3E677EE850}
		{16DB52EB-7CF8-414C-ABFC-E4C752655456} = {82DFFED8-35C0-4F6B-ACFC-FF3E677EE850}
		{7EB2837E-7752-49BD-AAEC-30464B1BF48F} = {82DFFED8-35C0-4F6B-ACFC-FF3E677EE850}
		{612B7038-51BF-440D-877A-5E7C088B984F} = {82DFFED8-35C0-4F6B-ACFC-FF3E677EE850}
		{BC0CD826-4D8D-4EE8-8C4D-7A63F89F2629} = {82DFFED8-35C0-4F6B-ACFC-FF3E677EE850}
		{79C674B3-8D08-46CB-936A-33EA3F00C482} = {BD12FF6D-D07F-42B9-9D0A-DB704076BEC4}
		{A112F09A-8CDB-4BC3-8ED1-08C2306D8B15} = {BD12FF6D-D07F-42B9-9D0A-DB704076BEC4}
		{94636DAF-6594-4B00-A007-8BA46F1EE1EF} = {32A06B41-075A-448F-A7B9-9C8D11BA1259}
		{950C71EB-7C9D-4242-9810-EF4FE1BD1AAC} = {32A06B41-075A-448F-A7B9-9C8D11BA1259}
		{A13E467E-9564-4A72-B675-062721D41231} = {1D7A59B5-D406-4F24-B8D4-1B7D405A6F8D}
		{756BBEB6-ACB3-4B29-AA4C-5495B3F20B59} = {1D7A59B5-D406-4F24-B8D4-1B7D405A6F8D}
		{A1D1B685-5A52-4AA4-9839-F28636CABC15} = {6078DE7E-3A28-485D-BF00-D3FCAAD34458}
		{6E2B647D-8C79-4E14-A200-544F0E9DEDC1} = {6078DE7E-3A28-485D-BF00-D3FCAAD34458}
		{66B5EA43-C546-4AA5-91DB-B6B3A4A69DB2} = {44E0EE1A-BBF1-4DCF-8031-3768BDFEC68E}
		{5DFA4712-524D-4BBD-9927-2AF2DB3B2006} = {44E0EE1A-BBF1-4DCF-8031-3768BDFEC68E}
		{DEE02F0B-290B-47D9-8808-55BDE7EB6CC7} = {16DB52EB-7CF8-414C-ABFC-E4C752655456}
		{E5B43E7D-CDAF-4B8C-9CD6-0D7D6CE5A9BF} = {16DB52EB-7CF8-414C-ABFC-E4C752655456}
		{BEE60233-F250-4C43-A3E7-038B5055FFE6} = {F320C07A-E65D-45CC-91D4-69F318654682}
		{BB1F3C3B-B7EE-46D7-90C5-00B9ABFBAD58} = {F320C07A-E65D-45CC-91D4-69F318654682}
		{FC7515E4-1895-4C83-8F79-3A5111E86F2D} = {4461DBB7-4209-45EF-80A3-EBC867F417E0}
		{057001DA-8FD5-4076-8562-A41940D3B26E} = {4461DBB7-4209-45EF-80A3-EBC867F417E0}
		{2E1C72D0-EC02-4B99-90BE-EFE0509E953B} = {B753D23B-0A5B-49AD-A801-5626EF3D0F4C}
		{A1A83B59-B372-401E-9953-E03A5381EDC5} = {B753D23B-0A5B-49AD-A801-5626EF3D0F4C}
		{A8AE7128-1E19-4365-B8E7-8EADE1F93A36} = {578D495E-8135-4052-B0D4-C7A1B9E6E445}
		{8F23000F-B7B8-435F-8CF3-893DEA222173} = {578D495E-8135-4052-B0D4-C7A1B9E6E445}
		{7AB148BD-CEA2-4878-84A6-910B1363B192} = {62C185C6-DA03-49B5-8075-416005E1FDDE}
		{97AB2977-E130-4F1E-8D3F-35C681C587DE} = {62C185C6-DA03-49B5-8075-416005E1FDDE}
		{F113ED0F-6F29-43ED-98CC-3E6257DC33D9} = {D60BBC85-CFC0-428A-BB20-EBD9978AE9BC}
		{8EC59718-262E-4F43-98BD-1FFF6A0CC25D} = {D60BBC85-CFC0-428A-BB20-EBD9978AE9BC}
		{CD0006B4-69F8-4585-8E43-6A51D599E0F5} = {2DB6B682-F5BB-4AC1-A3A4-0AD7F2A919D8}
		{7F856E45-FD44-4267-B7E8-3F80138389A2} = {2DB6B682-F5BB-4AC1-A3A4-0AD7F2A919D8}
		{36113FEB-3816-476F-BEC1-B8E190B9053C} = {7EB2837E-7752-49BD-AAEC-30464B1BF48F}
		{5C1FB277-ACA4-4300-B842-755B9A574480} = {7EB2837E-7752-49BD-AAEC-30464B1BF48F}
		{E6BD9EDB-9B6A-4895-90E5-1697E6E1191F} = {BC0CD826-4D8D-4EE8-8C4D-7A63F89F2629}
		{F6E9CB96-750E-455C-8CDC-91EDCCF9FC39} = {BC0CD826-4D8D-4EE8-8C4D-7A63F89F2629}
		{FE6A499A-8E20-4FD4-B567-28A325E4B532} = {612B7038-51BF-440D-877A-5E7C088B984F}
		{D034AF20-6A4E-42DB-99DD-D625ADC9A893} = {612B7038-51BF-440D-877A-5E7C088B984F}
		{3C078911-CD85-4B85-97CF-70B05AE8FBA0} = {331337D5-D9C8-44D7-B5CF-B7C9DF436360}
		{F5418BC9-3F96-49F1-B111-D9129E817BF9} = {331337D5-D9C8-44D7-B5CF-B7C9DF436360}
		{7C155720-6FA1-4E3E-9E5C-2E0C99937F2E} = {D49E344D-F5DF-432E-BD16-73B684C2F841}
		{175D3788-E6FF-4E7E-BF16-FAAC5485AEEA} = {D49E344D-F5DF-432E-BD16-73B684C2F841}
		{0C3E1A0C-DEF9-470F-8D33-41F665BE1B8D} = {39C94DB3-8448-4814-AC62-24C2D63CD7A8}
		{7757C455-6FD7-4C9D-BF80-DE3189EAF47F} = {6DDADF09-59F7-4C72-80B6-DBE1B5FA7C35}
		{1EDFBB64-FE2E-4782-868A-915BE696982E} = {7D022FFC-8D7F-4686-8D9E-449BD93D77DC}
		{E0179731-F478-4A20-B884-DE6060A2F583} = {2F89B9E5-369B-4D10-94D7-2F5A4268D1A1}
		{080A83F0-279D-45E9-8BAF-92E2E6C61995} = {6347D7FD-B482-4E73-8E7A-6BFBEC387BE8}
		{55EF1169-4C4A-4263-B106-15E423B08EA5} = {BC0CD826-4D8D-4EE8-8C4D-7A63F89F2629}
	EndGlobalSection
EndGlobal
