
Microsoft Visual Studio Solution File, Format Version 12.00
# Visual Studio Version 17
VisualStudioVersion = 17.12.35521.163 d17.12
MinimumVisualStudioVersion = 10.0.40219.1
Project("{2150E333-8FDC-42A3-9474-1A3956D46DE8}") = "Creational", "Creational", "{18CBB393-89BF-4DFB-97C3-7FF252444DBC}"
EndProject
Project("{2150E333-8FDC-42A3-9474-1A3956D46DE8}") = "Behavioral", "Behavioral", "{82DFFED8-35C0-4F6B-ACFC-FF3E677EE850}"
EndProject
Project("{2150E333-8FDC-42A3-9474-1A3956D46DE8}") = "Structural", "Structural", "{E7230078-3AA0-4EBE-9595-E8DF566E2F97}"
EndProject
Project("{2150E333-8FDC-42A3-9474-1A3956D46DE8}") = "Abstract Factory", "Abstract Factory", "{32A06B41-075A-448F-A7B9-9C8D11BA1259}"
EndProject
Project("{2150E333-8FDC-42A3-9474-1A3956D46DE8}") = "Singleton", "Singleton", "{44E0EE1A-BBF1-4DCF-8031-3768BDFEC68E}"
EndProject
Project("{2150E333-8FDC-42A3-9474-1A3956D46DE8}") = "Prototype", "Prototype", "{6078DE7E-3A28-485D-BF00-D3FCAAD34458}"
EndProject
Project("{2150E333-8FDC-42A3-9474-1A3956D46DE8}") = "Factory Method", "Factory Method", "{BD12FF6D-D07F-42B9-9D0A-DB704076BEC4}"
EndProject
Project("{2150E333-8FDC-42A3-9474-1A3956D46DE8}") = "Builder", "Builder", "{1D7A59B5-D406-4F24-B8D4-1B7D405A6F8D}"
EndProject
Project("{2150E333-8FDC-42A3-9474-1A3956D46DE8}") = "Proxy", "Proxy", "{D49E344D-F5DF-432E-BD16-73B684C2F841}"
EndProject
Project("{2150E333-8FDC-42A3-9474-1A3956D46DE8}") = "Flyweight", "Flyweight", "{331337D5-D9C8-44D7-B5CF-B7C9DF436360}"
EndProject
Project("{2150E333-8FDC-42A3-9474-1A3956D46DE8}") = "Adapter", "Adapter", "{6DDADF09-59F7-4C72-80B6-DBE1B5FA7C35}"
EndProject
Project("{2150E333-8FDC-42A3-9474-1A3956D46DE8}") = "Facade", "Facade", "{7D022FFC-8D7F-4686-8D9E-449BD93D77DC}"
EndProject
Project("{2150E333-8FDC-42A3-9474-1A3956D46DE8}") = "Bridge", "Bridge", "{6347D7FD-B482-4E73-8E7A-6BFBEC387BE8}"
EndProject
Project("{2150E333-8FDC-42A3-9474-1A3956D46DE8}") = "Decorator", "Decorator", "{2F89B9E5-369B-4D10-94D7-2F5A4268D1A1}"
EndProject
Project("{2150E333-8FDC-42A3-9474-1A3956D46DE8}") = "Composite", "Composite", "{39C94DB3-8448-4814-AC62-24C2D63CD7A8}"
EndProject
Project("{2150E333-8FDC-42A3-9474-1A3956D46DE8}") = "Visitor", "Visitor", "{62C185C6-DA03-49B5-8075-416005E1FDDE}"
EndProject
Project("{2150E333-8FDC-42A3-9474-1A3956D46DE8}") = "Template Method", "Template Method", "{B753D23B-0A5B-49AD-A801-5626EF3D0F4C}"
EndProject
Project("{2150E333-8FDC-42A3-9474-1A3956D46DE8}") = "Chain of Responsibility", "Chain of Responsibility", "{F320C07A-E65D-45CC-91D4-69F318654682}"
EndProject
Project("{2150E333-8FDC-42A3-9474-1A3956D46DE8}") = "Strategy", "Strategy", "{D60BBC85-CFC0-428A-BB20-EBD9978AE9BC}"
EndProject
Project("{2150E333-8FDC-42A3-9474-1A3956D46DE8}") = "Command", "Command", "{578D495E-8135-4052-B0D4-C7A1B9E6E445}"
EndProject
Project("{2150E333-8FDC-42A3-9474-1A3956D46DE8}") = "State", "State", "{4461DBB7-4209-45EF-80A3-EBC867F417E0}"
EndProject
Project("{2150E333-8FDC-42A3-9474-1A3956D46DE8}") = "Interpreter", "Interpreter", "{2DB6B682-F5BB-4AC1-A3A4-0AD7F2A919D8}"
EndProject
Project("{2150E333-8FDC-42A3-9474-1A3956D46DE8}") = "Observer", "Observer", "{16DB52EB-7CF8-414C-ABFC-E4C752655456}"
EndProject
Project("{2150E333-8FDC-42A3-9474-1A3956D46DE8}") = "Iterator", "Iterator", "{7EB2837E-7752-49BD-AAEC-30464B1BF48F}"
EndProject
Project("{2150E333-8FDC-42A3-9474-1A3956D46DE8}") = "Memento", "Memento", "{612B7038-51BF-440D-877A-5E7C088B984F}"
EndProject
Project("{2150E333-8FDC-42A3-9474-1A3956D46DE8}") = "Mediator", "Mediator", "{BC0CD826-4D8D-4EE8-8C4D-7A63F89F2629}"
EndProject
Project("{FAE04EC0-301F-11D3-BF4B-00C04F79EFBC}") = "PaymentGatewayIntegration", "Creational\Factory Method\PaymentGatewayIntegration\PaymentGatewayIntegration.csproj", "{79C674B3-8D08-46CB-936A-33EA3F00C482}"
EndProject
Project("{FAE04EC0-301F-11D3-BF4B-00C04F79EFBC}") = "LogisticsApplication", "Creational\Factory Method\LogisticsApplication\LogisticsApplication.csproj", "{A112F09A-8CDB-4BC3-8ED1-08C2306D8B15}"
EndProject
Project("{FAE04EC0-301F-11D3-BF4B-00C04F79EFBC}") = "PaymentGatewaysEcommerce", "Creational\Abstract Factory\PaymentGatewaysEcommerce\PaymentGatewaysEcommerce.csproj", "{94636DAF-6594-4B00-A007-8BA46F1EE1EF}"
EndProject
Project("{FAE04EC0-301F-11D3-BF4B-00C04F79EFBC}") = "MultimediaSoftware", "Creational\Abstract Factory\MultimediaSoftware\MultimediaSoftware.csproj", "{950C71EB-7C9D-4242-9810-EF4FE1BD1AAC}"
EndProject
Project("{FAE04EC0-301F-11D3-BF4B-00C04F79EFBC}") = "ComplexComputerSystem", "Creational\Builder\ComplexComputerSystem\ComplexComputerSystem.csproj", "{A13E467E-9564-4A72-B675-062721D41231}"
EndProject
Project("{FAE04EC0-301F-11D3-BF4B-00C04F79EFBC}") = "TravelAgency", "Creational\Builder\TravelAgency\TravelAgency.csproj", "{756BBEB6-ACB3-4B29-AA4C-5495B3F20B59}"
EndProject
Project("{FAE04EC0-301F-11D3-BF4B-00C04F79EFBC}") = "CarConfiguratorApplication", "Creational\Prototype\CarConfiguratorApplication\CarConfiguratorApplication.csproj", "{A1D1B685-5A52-4AA4-9839-F28636CABC15}"
EndProject
Project("{FAE04EC0-301F-11D3-BF4B-00C04F79EFBC}") = "HistoricalStatesUndoActions", "Creational\Prototype\HistoricalStatesUndoActions\HistoricalStatesUndoActions.csproj", "{6E2B647D-8C79-4E14-A200-544F0E9DEDC1}"
EndProject
Project("{FAE04EC0-301F-11D3-BF4B-00C04F79EFBC}") = "LoadBalancers", "Creational\Singleton\LoadBalancers\LoadBalancers.csproj", "{66B5EA43-C546-4AA5-91DB-B6B3A4A69DB2}"
EndProject
Project("{FAE04EC0-301F-11D3-BF4B-00C04F79EFBC}") = "TaskScheduler", "Creational\Singleton\TaskScheduler\TaskScheduler.csproj", "{5DFA4712-524D-4BBD-9927-2AF2DB3B2006}"
EndProject
Global
	GlobalSection(SolutionConfigurationPlatforms) = preSolution
		Debug|Any CPU = Debug|Any CPU
		Release|Any CPU = Release|Any CPU
	EndGlobalSection
	GlobalSection(ProjectConfigurationPlatforms) = postSolution
		{79C674B3-8D08-46CB-936A-33EA3F00C482}.Debug|Any CPU.ActiveCfg = Debug|Any CPU
		{79C674B3-8D08-46CB-936A-33EA3F00C482}.Debug|Any CPU.Build.0 = Debug|Any CPU
		{79C674B3-8D08-46CB-936A-33EA3F00C482}.Release|Any CPU.ActiveCfg = Release|Any CPU
		{79C674B3-8D08-46CB-936A-33EA3F00C482}.Release|Any CPU.Build.0 = Release|Any CPU
		{A112F09A-8CDB-4BC3-8ED1-08C2306D8B15}.Debug|Any CPU.ActiveCfg = Debug|Any CPU
		{A112F09A-8CDB-4BC3-8ED1-08C2306D8B15}.Debug|Any CPU.Build.0 = Debug|Any CPU
		{A112F09A-8CDB-4BC3-8ED1-08C2306D8B15}.Release|Any CPU.ActiveCfg = Release|Any CPU
		{A112F09A-8CDB-4BC3-8ED1-08C2306D8B15}.Release|Any CPU.Build.0 = Release|Any CPU
		{94636DAF-6594-4B00-A007-8BA46F1EE1EF}.Debug|Any CPU.ActiveCfg = Debug|Any CPU
		{94636DAF-6594-4B00-A007-8BA46F1EE1EF}.Debug|Any CPU.Build.0 = Debug|Any CPU
		{94636DAF-6594-4B00-A007-8BA46F1EE1EF}.Release|Any CPU.ActiveCfg = Release|Any CPU
		{94636DAF-6594-4B00-A007-8BA46F1EE1EF}.Release|Any CPU.Build.0 = Release|Any CPU
		{950C71EB-7C9D-4242-9810-EF4FE1BD1AAC}.Debug|Any CPU.ActiveCfg = Debug|Any CPU
		{950C71EB-7C9D-4242-9810-EF4FE1BD1AAC}.Debug|Any CPU.Build.0 = Debug|Any CPU
		{950C71EB-7C9D-4242-9810-EF4FE1BD1AAC}.Release|Any CPU.ActiveCfg = Release|Any CPU
		{950C71EB-7C9D-4242-9810-EF4FE1BD1AAC}.Release|Any CPU.Build.0 = Release|Any CPU
		{A13E467E-9564-4A72-B675-062721D41231}.Debug|Any CPU.ActiveCfg = Debug|Any CPU
		{A13E467E-9564-4A72-B675-062721D41231}.Debug|Any CPU.Build.0 = Debug|Any CPU
		{A13E467E-9564-4A72-B675-062721D41231}.Release|Any CPU.ActiveCfg = Release|Any CPU
		{A13E467E-9564-4A72-B675-062721D41231}.Release|Any CPU.Build.0 = Release|Any CPU
		{756BBEB6-ACB3-4B29-AA4C-5495B3F20B59}.Debug|Any CPU.ActiveCfg = Debug|Any CPU
		{756BBEB6-ACB3-4B29-AA4C-5495B3F20B59}.Debug|Any CPU.Build.0 = Debug|Any CPU
		{756BBEB6-ACB3-4B29-AA4C-5495B3F20B59}.Release|Any CPU.ActiveCfg = Release|Any CPU
		{756BBEB6-ACB3-4B29-AA4C-5495B3F20B59}.Release|Any CPU.Build.0 = Release|Any CPU
		{A1D1B685-5A52-4AA4-9839-F28636CABC15}.Debug|Any CPU.ActiveCfg = Debug|Any CPU
		{A1D1B685-5A52-4AA4-9839-F28636CABC15}.Debug|Any CPU.Build.0 = Debug|Any CPU
		{A1D1B685-5A52-4AA4-9839-F28636CABC15}.Release|Any CPU.ActiveCfg = Release|Any CPU
		{A1D1B685-5A52-4AA4-9839-F28636CABC15}.Release|Any CPU.Build.0 = Release|Any CPU
		{6E2B647D-8C79-4E14-A200-544F0E9DEDC1}.Debug|Any CPU.ActiveCfg = Debug|Any CPU
		{6E2B647D-8C79-4E14-A200-544F0E9DEDC1}.Debug|Any CPU.Build.0 = Debug|Any CPU
		{6E2B647D-8C79-4E14-A200-544F0E9DEDC1}.Release|Any CPU.ActiveCfg = Release|Any CPU
		{6E2B647D-8C79-4E14-A200-544F0E9DEDC1}.Release|Any CPU.Build.0 = Release|Any CPU
		{66B5EA43-C546-4AA5-91DB-B6B3A4A69DB2}.Debug|Any CPU.ActiveCfg = Debug|Any CPU
		{66B5EA43-C546-4AA5-91DB-B6B3A4A69DB2}.Debug|Any CPU.Build.0 = Debug|Any CPU
		{66B5EA43-C546-4AA5-91DB-B6B3A4A69DB2}.Release|Any CPU.ActiveCfg = Release|Any CPU
		{66B5EA43-C546-4AA5-91DB-B6B3A4A69DB2}.Release|Any CPU.Build.0 = Release|Any CPU
		{5DFA4712-524D-4BBD-9927-2AF2DB3B2006}.Debug|Any CPU.ActiveCfg = Debug|Any CPU
		{5DFA4712-524D-4BBD-9927-2AF2DB3B2006}.Debug|Any CPU.Build.0 = Debug|Any CPU
		{5DFA4712-524D-4BBD-9927-2AF2DB3B2006}.Release|Any CPU.ActiveCfg = Release|Any CPU
		{5DFA4712-524D-4BBD-9927-2AF2DB3B2006}.Release|Any CPU.Build.0 = Release|Any CPU
	EndGlobalSection
	GlobalSection(SolutionProperties) = preSolution
		HideSolutionNode = FALSE
	EndGlobalSection
	GlobalSection(NestedProjects) = preSolution
		{32A06B41-075A-448F-A7B9-9C8D11BA1259} = {18CBB393-89BF-4DFB-97C3-7FF252444DBC}
		{44E0EE1A-BBF1-4DCF-8031-3768BDFEC68E} = {18CBB393-89BF-4DFB-97C3-7FF252444DBC}
		{6078DE7E-3A28-485D-BF00-D3FCAAD34458} = {18CBB393-89BF-4DFB-97C3-7FF252444DBC}
		{BD12FF6D-D07F-42B9-9D0A-DB704076BEC4} = {18CBB393-89BF-4DFB-97C3-7FF252444DBC}
		{1D7A59B5-D406-4F24-B8D4-1B7D405A6F8D} = {18CBB393-89BF-4DFB-97C3-7FF252444DBC}
		{D49E344D-F5DF-432E-BD16-73B684C2F841} = {E7230078-3AA0-4EBE-9595-E8DF566E2F97}
		{331337D5-D9C8-44D7-B5CF-B7C9DF436360} = {E7230078-3AA0-4EBE-9595-E8DF566E2F97}
		{6DDADF09-59F7-4C72-80B6-DBE1B5FA7C35} = {E7230078-3AA0-4EBE-9595-E8DF566E2F97}
		{7D022FFC-8D7F-4686-8D9E-449BD93D77DC} = {E7230078-3AA0-4EBE-9595-E8DF566E2F97}
		{6347D7FD-B482-4E73-8E7A-6BFBEC387BE8} = {E7230078-3AA0-4EBE-9595-E8DF566E2F97}
		{2F89B9E5-369B-4D10-94D7-2F5A4268D1A1} = {E7230078-3AA0-4EBE-9595-E8DF566E2F97}
		{39C94DB3-8448-4814-AC62-24C2D63CD7A8} = {E7230078-3AA0-4EBE-9595-E8DF566E2F97}
		{62C185C6-DA03-49B5-8075-416005E1FDDE} = {82DFFED8-35C0-4F6B-ACFC-FF3E677EE850}
		{B753D23B-0A5B-49AD-A801-5626EF3D0F4C} = {82DFFED8-35C0-4F6B-ACFC-FF3E677EE850}
		{F320C07A-E65D-45CC-91D4-69F318654682} = {82DFFED8-35C0-4F6B-ACFC-FF3E677EE850}
		{D60BBC85-CFC0-428A-BB20-EBD9978AE9BC} = {82DFFED8-35C0-4F6B-ACFC-FF3E677EE850}
		{578D495E-8135-4052-B0D4-C7A1B9E6E445} = {82DFFED8-35C0-4F6B-ACFC-FF3E677EE850}
		{4461DBB7-4209-45EF-80A3-EBC867F417E0} = {82DFFED8-35C0-4F6B-ACFC-FF3E677EE850}
		{2DB6B682-F5BB-4AC1-A3A4-0AD7F2A919D8} = {82DFFED8-35C0-4F6B-ACFC-FF3E677EE850}
		{16DB52EB-7CF8-414C-ABFC-E4C752655456} = {82DFFED8-35C0-4F6B-ACFC-FF3E677EE850}
		{7EB2837E-7752-49BD-AAEC-30464B1BF48F} = {82DFFED8-35C0-4F6B-ACFC-FF3E677EE850}
		{612B7038-51BF-440D-877A-5E7C088B984F} = {82DFFED8-35C0-4F6B-ACFC-FF3E677EE850}
		{BC0CD826-4D8D-4EE8-8C4D-7A63F89F2629} = {82DFFED8-35C0-4F6B-ACFC-FF3E677EE850}
		{79C674B3-8D08-46CB-936A-33EA3F00C482} = {BD12FF6D-D07F-42B9-9D0A-DB704076BEC4}
		{A112F09A-8CDB-4BC3-8ED1-08C2306D8B15} = {BD12FF6D-D07F-42B9-9D0A-DB704076BEC4}
		{94636DAF-6594-4B00-A007-8BA46F1EE1EF} = {32A06B41-075A-448F-A7B9-9C8D11BA1259}
		{950C71EB-7C9D-4242-9810-EF4FE1BD1AAC} = {32A06B41-075A-448F-A7B9-9C8D11BA1259}
		{A13E467E-9564-4A72-B675-062721D41231} = {1D7A59B5-D406-4F24-B8D4-1B7D405A6F8D}
		{756BBEB6-ACB3-4B29-AA4C-5495B3F20B59} = {1D7A59B5-D406-4F24-B8D4-1B7D405A6F8D}
		{A1D1B685-5A52-4AA4-9839-F28636CABC15} = {6078DE7E-3A28-485D-BF00-D3FCAAD34458}
		{6E2B647D-8C79-4E14-A200-544F0E9DEDC1} = {6078DE7E-3A28-485D-BF00-D3FCAAD34458}
		{66B5EA43-C546-4AA5-91DB-B6B3A4A69DB2} = {44E0EE1A-BBF1-4DCF-8031-3768BDFEC68E}
		{5DFA4712-524D-4BBD-9927-2AF2DB3B2006} = {44E0EE1A-BBF1-4DCF-8031-3768BDFEC68E}
	EndGlobalSection
EndGlobal
